
Microsoft Visual Studio Solution File, Format Version 12.00
# Visual Studio Version 17
VisualStudioVersion = 17.5.33414.496
MinimumVisualStudioVersion = 10.0.40219.1
Project("{8BC9CEB8-8B4A-11D0-8D11-00A0C91BC942}") = "HISTORA_TADEO_14_06_2023_YAXFAVOR", "HISTORA_TADEO_14_06_2023_YAXFAVOR.vcxproj", "{0F4605C4-A5D2-4AF1-A004-45533C52C395}"
EndProject
Global
	GlobalSection(SolutionConfigurationPlatforms) = preSolution
		Debug|x64 = Debug|x64
		Debug|x86 = Debug|x86
		Release|x64 = Release|x64
		Release|x86 = Release|x86
	EndGlobalSection
	GlobalSection(ProjectConfigurationPlatforms) = postSolution
		{0F4605C4-A5D2-4AF1-A004-45533C52C395}.Debug|x64.ActiveCfg = Debug|x64
		{0F4605C4-A5D2-4AF1-A004-45533C52C395}.Debug|x64.Build.0 = Debug|x64
		{0F4605C4-A5D2-4AF1-A004-45533C52C395}.Debug|x86.ActiveCfg = Debug|Win32
		{0F4605C4-A5D2-4AF1-A004-45533C52C395}.Debug|x86.Build.0 = Debug|Win32
		{0F4605C4-A5D2-4AF1-A004-45533C52C395}.Release|x64.ActiveCfg = Release|x64
		{0F4605C4-A5D2-4AF1-A004-45533C52C395}.Release|x64.Build.0 = Release|x64
		{0F4605C4-A5D2-4AF1-A004-45533C52C395}.Release|x86.ActiveCfg = Release|Win32
		{0F4605C4-A5D2-4AF1-A004-45533C52C395}.Release|x86.Build.0 = Release|Win32
	EndGlobalSection
	GlobalSection(SolutionProperties) = preSolution
		HideSolutionNode = FALSE
	EndGlobalSection
	GlobalSection(ExtensibilityGlobals) = postSolution
		SolutionGuid = {B8A4219E-5393-4464-BA07-D07EA7DAE960}
	EndGlobalSection
EndGlobal
