
Microsoft Visual Studio Solution File, Format Version 12.00
# Visual Studio Version 17
VisualStudioVersion = 17.5.33414.496
MinimumVisualStudioVersion = 10.0.40219.1
Project("{8BC9CEB8-8B4A-11D0-8D11-00A0C91BC942}") = "22_03_2023_IN_OUT_TADEO", "22_03_2023_IN_OUT_TADEO.vcxproj", "{76B03AA6-4EA0-44FE-8CAC-4B5B13243BDA}"
EndProject
Global
	GlobalSection(SolutionConfigurationPlatforms) = preSolution
		Debug|x64 = Debug|x64
		Debug|x86 = Debug|x86
		Release|x64 = Release|x64
		Release|x86 = Release|x86
	EndGlobalSection
	GlobalSection(ProjectConfigurationPlatforms) = postSolution
		{76B03AA6-4EA0-44FE-8CAC-4B5B13243BDA}.Debug|x64.ActiveCfg = Debug|x64
		{76B03AA6-4EA0-44FE-8CAC-4B5B13243BDA}.Debug|x64.Build.0 = Debug|x64
		{76B03AA6-4EA0-44FE-8CAC-4B5B13243BDA}.Debug|x86.ActiveCfg = Debug|Win32
		{76B03AA6-4EA0-44FE-8CAC-4B5B13243BDA}.Debug|x86.Build.0 = Debug|Win32
		{76B03AA6-4EA0-44FE-8CAC-4B5B13243BDA}.Release|x64.ActiveCfg = Release|x64
		{76B03AA6-4EA0-44FE-8CAC-4B5B13243BDA}.Release|x64.Build.0 = Release|x64
		{76B03AA6-4EA0-44FE-8CAC-4B5B13243BDA}.Release|x86.ActiveCfg = Release|Win32
		{76B03AA6-4EA0-44FE-8CAC-4B5B13243BDA}.Release|x86.Build.0 = Release|Win32
	EndGlobalSection
	GlobalSection(SolutionProperties) = preSolution
		HideSolutionNode = FALSE
	EndGlobalSection
	GlobalSection(ExtensibilityGlobals) = postSolution
		SolutionGuid = {C51A65E0-5C51-4FDB-AD96-854537C570C6}
	EndGlobalSection
EndGlobal
