
Microsoft Visual Studio Solution File, Format Version 12.00
# Visual Studio Version 17
VisualStudioVersion = 17.5.33414.496
MinimumVisualStudioVersion = 10.0.40219.1
Project("{8BC9CEB8-8B4A-11D0-8D11-00A0C91BC942}") = "P17_Matriz_19_05_2023", "P17_Matriz_19_05_2023.vcxproj", "{83B8787E-E292-4FBE-8333-2F7CFC77DED4}"
EndProject
Global
	GlobalSection(SolutionConfigurationPlatforms) = preSolution
		Debug|x64 = Debug|x64
		Debug|x86 = Debug|x86
		Release|x64 = Release|x64
		Release|x86 = Release|x86
	EndGlobalSection
	GlobalSection(ProjectConfigurationPlatforms) = postSolution
		{83B8787E-E292-4FBE-8333-2F7CFC77DED4}.Debug|x64.ActiveCfg = Debug|x64
		{83B8787E-E292-4FBE-8333-2F7CFC77DED4}.Debug|x64.Build.0 = Debug|x64
		{83B8787E-E292-4FBE-8333-2F7CFC77DED4}.Debug|x86.ActiveCfg = Debug|Win32
		{83B8787E-E292-4FBE-8333-2F7CFC77DED4}.Debug|x86.Build.0 = Debug|Win32
		{83B8787E-E292-4FBE-8333-2F7CFC77DED4}.Release|x64.ActiveCfg = Release|x64
		{83B8787E-E292-4FBE-8333-2F7CFC77DED4}.Release|x64.Build.0 = Release|x64
		{83B8787E-E292-4FBE-8333-2F7CFC77DED4}.Release|x86.ActiveCfg = Release|Win32
		{83B8787E-E292-4FBE-8333-2F7CFC77DED4}.Release|x86.Build.0 = Release|Win32
	EndGlobalSection
	GlobalSection(SolutionProperties) = preSolution
		HideSolutionNode = FALSE
	EndGlobalSection
	GlobalSection(ExtensibilityGlobals) = postSolution
		SolutionGuid = {7E239F5D-5A98-40FD-A34B-223E0E41A96F}
	EndGlobalSection
EndGlobal
